
Microsoft Visual Studio Solution File, Format Version 12.00
# Visual Studio Version 17
VisualStudioVersion = 17.6.33829.357
MinimumVisualStudioVersion = 10.0.40219.1
Project("{FAE04EC0-301F-11D3-BF4B-00C04F79EFBC}") = "discriminant-csharp", "discriminant-csharp\discriminant-csharp.csproj", "{09F4B809-85A5-4BFF-AD4B-2D5BFF0737A5}"
EndProject
Global
	GlobalSection(SolutionConfigurationPlatforms) = preSolution
		Debug|Any CPU = Debug|Any CPU
		Release|Any CPU = Release|Any CPU
	EndGlobalSection
	GlobalSection(ProjectConfigurationPlatforms) = postSolution
		{09F4B809-85A5-4BFF-AD4B-2D5BFF0737A5}.Debug|Any CPU.ActiveCfg = Debug|Any CPU
		{09F4B809-85A5-4BFF-AD4B-2D5BFF0737A5}.Debug|Any CPU.Build.0 = Debug|Any CPU
		{09F4B809-85A5-4BFF-AD4B-2D5BFF0737A5}.Release|Any CPU.ActiveCfg = Release|Any CPU
		{09F4B809-85A5-4BFF-AD4B-2D5BFF0737A5}.Release|Any CPU.Build.0 = Release|Any CPU
	EndGlobalSection
	GlobalSection(SolutionProperties) = preSolution
		HideSolutionNode = FALSE
	EndGlobalSection
	GlobalSection(ExtensibilityGlobals) = postSolution
		SolutionGuid = {56757A6F-965D-4745-8B92-2D85E2C9D7CC}
	EndGlobalSection
EndGlobal
